%{
  "binary": {:hex, :binary, "0.0.5", "20d816f7274ea34f1b673b4cff2fdb9ebec9391a7a68c349070d515c66b1b2cf", [:mix], [], "hexpm", "ee1e9ebcab703a4e24db554957fbb540642fe9327eb9e295cb3f07dd7c11ddb2"},
  "castore": {:hex, :castore, "1.0.5", "9eeebb394cc9a0f3ae56b813459f990abb0a3dedee1be6b27fdb50301930502f", [:mix], [], "hexpm", "8d7c597c3e4a64c395980882d4bca3cebb8d74197c590dc272cfd3b6a6310578"},
  "certifi": {:hex, :certifi, "2.13.0", "e52be248590050b2dd33b0bb274b56678f9068e67805dca8aa8b1ccdb016bbf6", [:rebar3], [], "hexpm", "8f3d9533a0f06070afdfd5d596b32e21c6580667a492891851b0e2737bc507a1"},
  "chacha20": {:hex, :chacha20, "1.0.4", "0359d8f9a32269271044c1b471d5cf69660c362a7c61a98f73a05ef0b5d9eb9e", [:mix], [], "hexpm", "2027f5d321ae9903f1f0da7f51b0635ad6b8819bc7fe397837930a2011bc2349"},
  "cowboy": {:hex, :cowboy, "2.10.0", "ff9ffeff91dae4ae270dd975642997afe2a1179d94b1887863e43f681a203e26", [:make, :rebar3], [{:cowlib, "2.12.1", [hex: :cowlib, repo: "hexpm", optional: false]}, {:ranch, "1.8.0", [hex: :ranch, repo: "hexpm", optional: false]}], "hexpm", "3afdccb7183cc6f143cb14d3cf51fa00e53db9ec80cdcd525482f5e99bc41d6b"},
  "cowboy_telemetry": {:hex, :cowboy_telemetry, "0.4.0", "f239f68b588efa7707abce16a84d0d2acf3a0f50571f8bb7f56a15865aae820c", [:rebar3], [{:cowboy, "~> 2.7", [hex: :cowboy, repo: "hexpm", optional: false]}, {:telemetry, "~> 1.0", [hex: :telemetry, repo: "hexpm", optional: false]}], "hexpm", "7d98bac1ee4565d31b62d59f8823dfd8356a169e7fcbb83831b8a5397404c9de"},
  "cowlib": {:hex, :cowlib, "2.12.1", "a9fa9a625f1d2025fe6b462cb865881329b5caff8f1854d1cbc9f9533f00e1e1", [:make, :rebar3], [], "hexpm", "163b73f6367a7341b33c794c4e88e7dbfe6498ac42dcd69ef44c5bc5507c8db0"},
  "curve25519": {:hex, :curve25519, "1.0.5", "f801179424e4012049fcfcfcda74ac04f65d0ffceeb80e7ef1d3352deb09f5bb", [:mix], [], "hexpm", "0fba3ad55bf1154d4d5fc3ae5fb91b912b77b13f0def6ccb3a5d58168ff4192d"},
  "decimal": {:hex, :decimal, "2.1.1", "5611dca5d4b2c3dd497dec8f68751f1f1a54755e8ed2a966c2633cf885973ad6", [:mix], [], "hexpm", "53cfe5f497ed0e7771ae1a475575603d77425099ba5faef9394932b35020ffcc"},
  "ecto": {:hex, :ecto, "3.11.1", "4b4972b717e7ca83d30121b12998f5fcdc62ba0ed4f20fd390f16f3270d85c3e", [:mix], [{:decimal, "~> 2.0", [hex: :decimal, repo: "hexpm", optional: false]}, {:jason, "~> 1.0", [hex: :jason, repo: "hexpm", optional: true]}, {:telemetry, "~> 0.4 or ~> 1.0", [hex: :telemetry, repo: "hexpm", optional: false]}], "hexpm", "ebd3d3772cd0dfcd8d772659e41ed527c28b2a8bde4b00fe03e0463da0f1983b"},
  "ed25519": {:hex, :ed25519, "1.4.1", "479fb83c3e31987c9cad780e6aeb8f2015fb5a482618cdf2a825c9aff809afc4", [:mix], [], "hexpm", "0dacb84f3faa3d8148e81019ca35f9d8dcee13232c32c9db5c2fb8ff48c80ec7"},
  "equivalex": {:hex, :equivalex, "1.0.3", "170d9a82ae066e0020dfe1cf7811381669565922eb3359f6c91d7e9a1124ff74", [:mix], [], "hexpm", "46fa311adb855117d36e461b9c0ad2598f72110ad17ad73d7533c78020e045fc"},
  "esbuild": {:hex, :esbuild, "0.8.1", "0cbf919f0eccb136d2eeef0df49c4acf55336de864e63594adcea3814f3edf41", [:mix], [{:castore, ">= 0.0.0", [hex: :castore, repo: "hexpm", optional: false]}, {:jason, "~> 1.4", [hex: :jason, repo: "hexpm", optional: false]}], "hexpm", "25fc876a67c13cb0a776e7b5d7974851556baeda2085296c14ab48555ea7560f"},
  "expo": {:hex, :expo, "0.5.2", "beba786aab8e3c5431813d7a44b828e7b922bfa431d6bfbada0904535342efe2", [:mix], [], "hexpm", "8c9bfa06ca017c9cb4020fabe980bc7fdb1aaec059fd004c2ab3bff03b1c599c"},
  "file_system": {:hex, :file_system, "0.2.10", "fb082005a9cd1711c05b5248710f8826b02d7d1784e7c3451f9c1231d4fc162d", [:mix], [], "hexpm", "41195edbfb562a593726eda3b3e8b103a309b733ad25f3d642ba49696bf715dc"},
  "floki": {:hex, :floki, "0.35.4", "cc947b446024732c07274ac656600c5c4dc014caa1f8fb2dfff93d275b83890d", [:mix], [], "hexpm", "27fa185d3469bd8fc5947ef0f8d5c4e47f0af02eb6b070b63c868f69e3af0204"},
  "gettext": {:hex, :gettext, "0.24.0", "6f4d90ac5f3111673cbefc4ebee96fe5f37a114861ab8c7b7d5b30a1108ce6d8", [:mix], [{:expo, "~> 0.5.1", [hex: :expo, repo: "hexpm", optional: false]}], "hexpm", "bdf75cdfcbe9e4622dd18e034b227d77dd17f0f133853a1c73b97b3d6c770e8b"},
  "gun": {:hex, :gun, "2.0.1", "160a9a5394800fcba41bc7e6d421295cf9a7894c2252c0678244948e3336ad73", [:make, :rebar3], [{:cowlib, "2.12.1", [hex: :cowlib, repo: "hexpm", optional: false]}], "hexpm", "a10bc8d6096b9502205022334f719cc9a08d9adcfbfc0dbee9ef31b56274a20b"},
  "jason": {:hex, :jason, "1.4.1", "af1504e35f629ddcdd6addb3513c3853991f694921b1b9368b0bd32beb9f1b63", [:mix], [{:decimal, "~> 1.0 or ~> 2.0", [hex: :decimal, repo: "hexpm", optional: true]}], "hexpm", "fbb01ecdfd565b56261302f7e1fcc27c4fb8f32d56eab74db621fc154604a7a1"},
  "kcl": {:hex, :kcl, "1.4.2", "8b73a55a14899dc172fcb05a13a754ac171c8165c14f65043382d567922f44ab", [:mix], [{:curve25519, ">= 1.0.4", [hex: :curve25519, repo: "hexpm", optional: false]}, {:ed25519, "~> 1.3", [hex: :ed25519, repo: "hexpm", optional: false]}, {:poly1305, "~> 1.0", [hex: :poly1305, repo: "hexpm", optional: false]}, {:salsa20, "~> 1.0", [hex: :salsa20, repo: "hexpm", optional: false]}], "hexpm", "9f083dd3844d902df6834b258564a82b21a15eb9f6acdc98e8df0c10feeabf05"},
  "mime": {:hex, :mime, "2.0.5", "dc34c8efd439abe6ae0343edbb8556f4d63f178594894720607772a041b04b02", [:mix], [], "hexpm", "da0d64a365c45bc9935cc5c8a7fc5e49a0e0f9932a761c55d6c52b142780a05c"},
  "nostrum": {:hex, :nostrum, "0.8.0", "36f5a08e99c3df3020523be9e1c650ad926a63becc5318562abfe782d586e078", [:mix], [{:certifi, "~> 2.8", [hex: :certifi, repo: "hexpm", optional: false]}, {:gun, "~> 2.0", [hex: :gun, repo: "hexpm", optional: false]}, {:jason, "~> 1.2", [hex: :jason, repo: "hexpm", optional: false]}, {:kcl, "~> 1.4", [hex: :kcl, repo: "hexpm", optional: false]}, {:mime, "~> 1.6 or ~> 2.0", [hex: :mime, repo: "hexpm", optional: false]}], "hexpm", "ce6861391ff346089d32a243fa71c0cb8bff79ab86ad53e8bf72808267899aee"},
  "pane": {:hex, :pane, "0.4.1", "ca4275b5799066d52c857e7b0deb2feaba409d607419fe54cde056329d247a89", [:mix], [], "hexpm", "27a292ca86f52d4777422930c17fd4a12eaa930d86a6193665c452f94a04ff8a"},
  "phoenix": {:hex, :phoenix, "1.7.11", "1d88fc6b05ab0c735b250932c4e6e33bfa1c186f76dcf623d8dd52f07d6379c7", [:mix], [{:castore, ">= 0.0.0", [hex: :castore, repo: "hexpm", optional: false]}, {:jason, "~> 1.0", [hex: :jason, repo: "hexpm", optional: true]}, {:phoenix_pubsub, "~> 2.1", [hex: :phoenix_pubsub, repo: "hexpm", optional: false]}, {:phoenix_template, "~> 1.0", [hex: :phoenix_template, repo: "hexpm", optional: false]}, {:phoenix_view, "~> 2.0", [hex: :phoenix_view, repo: "hexpm", optional: true]}, {:plug, "~> 1.14", [hex: :plug, repo: "hexpm", optional: false]}, {:plug_cowboy, "~> 2.7", [hex: :plug_cowboy, repo: "hexpm", optional: true]}, {:plug_crypto, "~> 1.2 or ~> 2.0", [hex: :plug_crypto, repo: "hexpm", optional: false]}, {:telemetry, "~> 0.4 or ~> 1.0", [hex: :telemetry, repo: "hexpm", optional: false]}, {:websock_adapter, "~> 0.5.3", [hex: :websock_adapter, repo: "hexpm", optional: false]}], "hexpm", "b1ec57f2e40316b306708fe59b92a16b9f6f4bf50ccfa41aa8c7feb79e0ec02a"},
  "phoenix_ecto": {:hex, :phoenix_ecto, "4.4.3", "86e9878f833829c3f66da03d75254c155d91d72a201eb56ae83482328dc7ca93", [:mix], [{:ecto, "~> 3.5", [hex: :ecto, repo: "hexpm", optional: false]}, {:phoenix_html, "~> 2.14.2 or ~> 3.0 or ~> 4.0", [hex: :phoenix_html, repo: "hexpm", optional: true]}, {:plug, "~> 1.9", [hex: :plug, repo: "hexpm", optional: false]}], "hexpm", "d36c401206f3011fefd63d04e8ef626ec8791975d9d107f9a0817d426f61ac07"},
  "phoenix_html": {:hex, :phoenix_html, "4.0.0", "4857ec2edaccd0934a923c2b0ba526c44a173c86b847e8db725172e9e51d11d6", [:mix], [], "hexpm", "cee794a052f243291d92fa3ccabcb4c29bb8d236f655fb03bcbdc3a8214b8d13"},
  "phoenix_html_helpers": {:hex, :phoenix_html_helpers, "1.0.1", "7eed85c52eff80a179391036931791ee5d2f713d76a81d0d2c6ebafe1e11e5ec", [:mix], [{:phoenix_html, "~> 4.0", [hex: :phoenix_html, repo: "hexpm", optional: false]}, {:plug, "~> 1.5", [hex: :plug, repo: "hexpm", optional: true]}], "hexpm", "cffd2385d1fa4f78b04432df69ab8da63dc5cf63e07b713a4dcf36a3740e3090"},
  "phoenix_live_dashboard": {:hex, :phoenix_live_dashboard, "0.8.3", "7ff51c9b6609470f681fbea20578dede0e548302b0c8bdf338b5a753a4f045bf", [:mix], [{:ecto, "~> 3.6.2 or ~> 3.7", [hex: :ecto, repo: "hexpm", optional: true]}, {:ecto_mysql_extras, "~> 0.5", [hex: :ecto_mysql_extras, repo: "hexpm", optional: true]}, {:ecto_psql_extras, "~> 0.7", [hex: :ecto_psql_extras, repo: "hexpm", optional: true]}, {:ecto_sqlite3_extras, "~> 1.1.7 or ~> 1.2.0", [hex: :ecto_sqlite3_extras, repo: "hexpm", optional: true]}, {:mime, "~> 1.6 or ~> 2.0", [hex: :mime, repo: "hexpm", optional: false]}, {:phoenix_live_view, "~> 0.19 or ~> 1.0", [hex: :phoenix_live_view, repo: "hexpm", optional: false]}, {:telemetry_metrics, "~> 0.6 or ~> 1.0", [hex: :telemetry_metrics, repo: "hexpm", optional: false]}], "hexpm", "f9470a0a8bae4f56430a23d42f977b5a6205fdba6559d76f932b876bfaec652d"},
  "phoenix_live_reload": {:hex, :phoenix_live_reload, "1.4.1", "2aff698f5e47369decde4357ba91fc9c37c6487a512b41732818f2204a8ef1d3", [:mix], [{:file_system, "~> 0.2.1 or ~> 0.3", [hex: :file_system, repo: "hexpm", optional: false]}, {:phoenix, "~> 1.4", [hex: :phoenix, repo: "hexpm", optional: false]}], "hexpm", "9bffb834e7ddf08467fe54ae58b5785507aaba6255568ae22b4d46e2bb3615ab"},
  "phoenix_live_view": {:hex, :phoenix_live_view, "0.20.9", "46d5d436d3f8ff97f066b6c45528fd842a711fd3875b2d3f706b2e769ea07c51", [:mix], [{:jason, "~> 1.0", [hex: :jason, repo: "hexpm", optional: true]}, {:phoenix, "~> 1.6.15 or ~> 1.7.0", [hex: :phoenix, repo: "hexpm", optional: false]}, {:phoenix_html, "~> 3.3 or ~> 4.0", [hex: :phoenix_html, repo: "hexpm", optional: false]}, {:phoenix_template, "~> 1.0", [hex: :phoenix_template, repo: "hexpm", optional: false]}, {:phoenix_view, "~> 2.0", [hex: :phoenix_view, repo: "hexpm", optional: true]}, {:plug, "~> 1.15", [hex: :plug, repo: "hexpm", optional: false]}, {:telemetry, "~> 0.4.2 or ~> 1.0", [hex: :telemetry, repo: "hexpm", optional: false]}], "hexpm", "694388615ece21b70c523910cba1c633132b08a270caaf60100dd4eaf331885d"},
  "phoenix_pubsub": {:hex, :phoenix_pubsub, "2.1.3", "3168d78ba41835aecad272d5e8cd51aa87a7ac9eb836eabc42f6e57538e3731d", [:mix], [], "hexpm", "bba06bc1dcfd8cb086759f0edc94a8ba2bc8896d5331a1e2c2902bf8e36ee502"},
  "phoenix_template": {:hex, :phoenix_template, "1.0.4", "e2092c132f3b5e5b2d49c96695342eb36d0ed514c5b252a77048d5969330d639", [:mix], [{:phoenix_html, "~> 2.14.2 or ~> 3.0 or ~> 4.0", [hex: :phoenix_html, repo: "hexpm", optional: true]}], "hexpm", "2c0c81f0e5c6753faf5cca2f229c9709919aba34fab866d3bc05060c9c444206"},
  "phoenix_view": {:hex, :phoenix_view, "2.0.3", "4d32c4817fce933693741deeb99ef1392619f942633dde834a5163124813aad3", [:mix], [{:phoenix_html, "~> 2.14.2 or ~> 3.0 or ~> 4.0", [hex: :phoenix_html, repo: "hexpm", optional: true]}, {:phoenix_template, "~> 1.0", [hex: :phoenix_template, repo: "hexpm", optional: false]}], "hexpm", "cd34049af41be2c627df99cd4eaa71fc52a328c0c3d8e7d4aa28f880c30e7f64"},
  "plug": {:hex, :plug, "1.15.3", "712976f504418f6dff0a3e554c40d705a9bcf89a7ccef92fc6a5ef8f16a30a97", [:mix], [{:mime, "~> 1.0 or ~> 2.0", [hex: :mime, repo: "hexpm", optional: false]}, {:plug_crypto, "~> 1.1.1 or ~> 1.2 or ~> 2.0", [hex: :plug_crypto, repo: "hexpm", optional: false]}, {:telemetry, "~> 0.4.3 or ~> 1.0", [hex: :telemetry, repo: "hexpm", optional: false]}], "hexpm", "cc4365a3c010a56af402e0809208873d113e9c38c401cabd88027ef4f5c01fd2"},
  "plug_cowboy": {:hex, :plug_cowboy, "2.7.0", "3ae9369c60641084363b08fe90267cbdd316df57e3557ea522114b30b63256ea", [:mix], [{:cowboy, "~> 2.7.0 or ~> 2.8.0 or ~> 2.9.0 or ~> 2.10.0", [hex: :cowboy, repo: "hexpm", optional: false]}, {:cowboy_telemetry, "~> 0.3", [hex: :cowboy_telemetry, repo: "hexpm", optional: false]}, {:plug, "~> 1.14", [hex: :plug, repo: "hexpm", optional: false]}], "hexpm", "d85444fb8aa1f2fc62eabe83bbe387d81510d773886774ebdcb429b3da3c1a4a"},
  "plug_crypto": {:hex, :plug_crypto, "2.0.0", "77515cc10af06645abbfb5e6ad7a3e9714f805ae118fa1a70205f80d2d70fe73", [:mix], [], "hexpm", "53695bae57cc4e54566d993eb01074e4d894b65a3766f1c43e2c61a1b0f45ea9"},
  "poly1305": {:hex, :poly1305, "1.0.4", "7cdc8961a0a6e00a764835918cdb8ade868044026df8ef5d718708ea6cc06611", [:mix], [{:chacha20, "~> 1.0", [hex: :chacha20, repo: "hexpm", optional: false]}, {:equivalex, "~> 1.0", [hex: :equivalex, repo: "hexpm", optional: false]}], "hexpm", "e14e684661a5195e149b3139db4a1693579d4659d65bba115a307529c47dbc3b"},
  "protobuf": {:hex, :protobuf, "0.9.0", "9c1633ecc098f3d7ec0a00503e070541b0e1868114fff41523934888442319e7", [:mix], [{:jason, "~> 1.2", [hex: :jason, repo: "hexpm", optional: true]}], "hexpm", "15fb7cddc5f85b8055fedaf81a9093020e4cd283647a21deb8f7de8d243abb9d"},
  "ranch": {:hex, :ranch, "1.8.0", "8c7a100a139fd57f17327b6413e4167ac559fbc04ca7448e9be9057311597a1d", [:make, :rebar3], [], "hexpm", "49fbcfd3682fab1f5d109351b61257676da1a2fdbe295904176d5e521a2ddfe5"},
  "salsa20": {:hex, :salsa20, "1.0.4", "404cbea1fa8e68a41bcc834c0a2571ac175580fec01cc38cc70c0fb9ffc87e9b", [:mix], [], "hexpm", "745ddcd8cfa563ddb0fd61e7ce48d5146279a2cf7834e1da8441b369fdc58ac6"},
  "scribe": {:hex, :scribe, "0.10.0", "90e61b21fee884f58b955d1f45d7fa3e75f161ecb62bad8af6087aef3955c74f", [:mix], [{:pane, "~> 0.2", [hex: :pane, repo: "hexpm", optional: false]}], "hexpm", "3829da9c6a28b2105f0ec50e40f447bf768fb7d96717fbfceb602573f1a3c62e"},
  "swoosh": {:hex, :swoosh, "1.15.3", "5c3f05b6e4e08cd4f75ad7e90db3c2b73c9d9de00503cce36a694951c2d69185", [:mix], [{:bandit, ">= 1.0.0", [hex: :bandit, repo: "hexpm", optional: true]}, {:cowboy, "~> 1.1 or ~> 2.4", [hex: :cowboy, repo: "hexpm", optional: true]}, {:ex_aws, "~> 2.1", [hex: :ex_aws, repo: "hexpm", optional: true]}, {:finch, "~> 0.6", [hex: :finch, repo: "hexpm", optional: true]}, {:gen_smtp, "~> 0.13 or ~> 1.0", [hex: :gen_smtp, repo: "hexpm", optional: true]}, {:hackney, "~> 1.9", [hex: :hackney, repo: "hexpm", optional: true]}, {:jason, "~> 1.0", [hex: :jason, repo: "hexpm", optional: false]}, {:mail, "~> 0.2", [hex: :mail, repo: "hexpm", optional: true]}, {:mime, "~> 1.1 or ~> 2.0", [hex: :mime, repo: "hexpm", optional: false]}, {:plug, "~> 1.9", [hex: :plug, repo: "hexpm", optional: true]}, {:plug_cowboy, ">= 1.0.0", [hex: :plug_cowboy, repo: "hexpm", optional: true]}, {:req, "~> 0.4 or ~> 1.0", [hex: :req, repo: "hexpm", optional: true]}, {:telemetry, "~> 0.4.2 or ~> 1.0", [hex: :telemetry, repo: "hexpm", optional: false]}], "hexpm", "97a667b96ca8cc48a4679f6cd1f40a36d8701cf052587298473614caa70f164a"},
  "tabula": {:hex, :tabula, "2.2.4", "fcc52dde692558ba9d7cac995873e2c343a3f1d01422e4faef7e0e9e3027fd23", [:mix], [], "hexpm", "0d35d5e22e31b7199135df2847080b523ff23298a3a06306ef2363cd3328e2d4"},
  "tailwind": {:hex, :tailwind, "0.2.2", "9e27288b568ede1d88517e8c61259bc214a12d7eed271e102db4c93fcca9b2cd", [:mix], [{:castore, ">= 0.0.0", [hex: :castore, repo: "hexpm", optional: false]}], "hexpm", "ccfb5025179ea307f7f899d1bb3905cd0ac9f687ed77feebc8f67bdca78565c4"},
  "telemetry": {:hex, :telemetry, "1.2.1", "68fdfe8d8f05a8428483a97d7aab2f268aaff24b49e0f599faa091f1d4e7f61c", [:rebar3], [], "hexpm", "dad9ce9d8effc621708f99eac538ef1cbe05d6a874dd741de2e689c47feafed5"},
  "telemetry_metrics": {:hex, :telemetry_metrics, "0.6.2", "2caabe9344ec17eafe5403304771c3539f3b6e2f7fb6a6f602558c825d0d0bfb", [:mix], [{:telemetry, "~> 0.4 or ~> 1.0", [hex: :telemetry, repo: "hexpm", optional: false]}], "hexpm", "9b43db0dc33863930b9ef9d27137e78974756f5f198cae18409970ed6fa5b561"},
  "telemetry_poller": {:hex, :telemetry_poller, "1.0.0", "db91bb424e07f2bb6e73926fcafbfcbcb295f0193e0a00e825e589a0a47e8453", [:rebar3], [{:telemetry, "~> 1.0", [hex: :telemetry, repo: "hexpm", optional: false]}], "hexpm", "b3a24eafd66c3f42da30fc3ca7dda1e9d546c12250a2d60d7b81d264fbec4f6e"},
  "websock": {:hex, :websock, "0.5.3", "2f69a6ebe810328555b6fe5c831a851f485e303a7c8ce6c5f675abeb20ebdadc", [:mix], [], "hexpm", "6105453d7fac22c712ad66fab1d45abdf049868f253cf719b625151460b8b453"},
  "websock_adapter": {:hex, :websock_adapter, "0.5.5", "9dfeee8269b27e958a65b3e235b7e447769f66b5b5925385f5a569269164a210", [:mix], [{:bandit, ">= 0.6.0", [hex: :bandit, repo: "hexpm", optional: true]}, {:plug, "~> 1.14", [hex: :plug, repo: "hexpm", optional: false]}, {:plug_cowboy, "~> 2.6", [hex: :plug_cowboy, repo: "hexpm", optional: true]}, {:websock, "~> 0.5", [hex: :websock, repo: "hexpm", optional: false]}], "hexpm", "4b977ba4a01918acbf77045ff88de7f6972c2a009213c515a445c48f224ffce9"},
}
